
Microsoft Visual Studio Solution File, Format Version 12.00
# Visual Studio Version 17
VisualStudioVersion = 17.11.35222.181
MinimumVisualStudioVersion = 10.0.40219.1
Project("{FAE04EC0-301F-11D3-BF4B-00C04F79EFBC}") = "Proyecto.Android", "Proyecto\Proyecto.Android\Proyecto.Android.csproj", "{68B0BE02-AACD-477A-88D1-E92AB9D0366C}"
EndProject
Project("{FAE04EC0-301F-11D3-BF4B-00C04F79EFBC}") = "Proyecto", "Proyecto\Proyecto\Proyecto.csproj", "{7843067C-6791-4D0E-A9A3-D6CEC99FE07E}"
EndProject
Global
	GlobalSection(SolutionConfigurationPlatforms) = preSolution
		Debug|Any CPU = Debug|Any CPU
		Release|Any CPU = Release|Any CPU
	EndGlobalSection
	GlobalSection(ProjectConfigurationPlatforms) = postSolution
		{68B0BE02-AACD-477A-88D1-E92AB9D0366C}.Debug|Any CPU.ActiveCfg = Debug|Any CPU
		{68B0BE02-AACD-477A-88D1-E92AB9D0366C}.Debug|Any CPU.Build.0 = Debug|Any CPU
		{68B0BE02-AACD-477A-88D1-E92AB9D0366C}.Debug|Any CPU.Deploy.0 = Debug|Any CPU
		{68B0BE02-AACD-477A-88D1-E92AB9D0366C}.Release|Any CPU.ActiveCfg = Release|Any CPU
		{68B0BE02-AACD-477A-88D1-E92AB9D0366C}.Release|Any CPU.Build.0 = Release|Any CPU
		{68B0BE02-AACD-477A-88D1-E92AB9D0366C}.Release|Any CPU.Deploy.0 = Release|Any CPU
		{7843067C-6791-4D0E-A9A3-D6CEC99FE07E}.Debug|Any CPU.ActiveCfg = Debug|Any CPU
		{7843067C-6791-4D0E-A9A3-D6CEC99FE07E}.Debug|Any CPU.Build.0 = Debug|Any CPU
		{7843067C-6791-4D0E-A9A3-D6CEC99FE07E}.Debug|Any CPU.Deploy.0 = Debug|Any CPU
		{7843067C-6791-4D0E-A9A3-D6CEC99FE07E}.Release|Any CPU.ActiveCfg = Release|Any CPU
		{7843067C-6791-4D0E-A9A3-D6CEC99FE07E}.Release|Any CPU.Build.0 = Release|Any CPU
		{7843067C-6791-4D0E-A9A3-D6CEC99FE07E}.Release|Any CPU.Deploy.0 = Release|Any CPU
	EndGlobalSection
	GlobalSection(SolutionProperties) = preSolution
		HideSolutionNode = FALSE
	EndGlobalSection
	GlobalSection(ExtensibilityGlobals) = postSolution
		SolutionGuid = {3C5C086C-E227-4970-B826-98676CE0D00E}
	EndGlobalSection
EndGlobal
